
Microsoft Visual Studio Solution File, Format Version 12.00
# Visual Studio Version 17
VisualStudioVersion = 17.5.33516.290
MinimumVisualStudioVersion = 10.0.40219.1
Project("{FAE04EC0-301F-11D3-BF4B-00C04F79EFBC}") = "Calculator", "Calculator\Calculator.csproj", "{36F0A592-D989-4C13-8098-70F5D7124C3F}"
EndProject
Global
	GlobalSection(SolutionConfigurationPlatforms) = preSolution
		Debug|Any CPU = Debug|Any CPU
		Release|Any CPU = Release|Any CPU
	EndGlobalSection
	GlobalSection(ProjectConfigurationPlatforms) = postSolution
		{36F0A592-D989-4C13-8098-70F5D7124C3F}.Debug|Any CPU.ActiveCfg = Debug|Any CPU
		{36F0A592-D989-4C13-8098-70F5D7124C3F}.Debug|Any CPU.Build.0 = Debug|Any CPU
		{36F0A592-D989-4C13-8098-70F5D7124C3F}.Release|Any CPU.ActiveCfg = Release|Any CPU
		{36F0A592-D989-4C13-8098-70F5D7124C3F}.Release|Any CPU.Build.0 = Release|Any CPU
	EndGlobalSection
	GlobalSection(SolutionProperties) = preSolution
		HideSolutionNode = FALSE
	EndGlobalSection
	GlobalSection(ExtensibilityGlobals) = postSolution
		SolutionGuid = {E58A03AC-1DB3-45F4-ADA6-16D5E3AD4AC5}
	EndGlobalSection
EndGlobal
